
Microsoft Visual Studio Solution File, Format Version 12.00
# Visual Studio Version 16
VisualStudioVersion = 16.0.29926.136
MinimumVisualStudioVersion = 10.0.40219.1
Project("{2150E333-8FDC-42A3-9474-1A3956D46DE8}") = "src", "src", "{EABD112F-1A4D-4CBC-BDE9-9B2F509819C6}"
EndProject
Project("{2150E333-8FDC-42A3-9474-1A3956D46DE8}") = "Services", "Services", "{EF3F5020-51A0-4456-8E78-62D2A739A31C}"
EndProject
Project("{2150E333-8FDC-42A3-9474-1A3956D46DE8}") = "Delivery", "Delivery", "{C71494D2-8E66-467D-B777-F1A0ADB80C5D}"
EndProject
Project("{9A19103F-16F7-4668-BE54-9A1E7A4F7556}") = "Delivery.API", "src\Services\Delivery\Delivery.API\Delivery.API.csproj", "{BFC7FF8A-5FD9-4F5D-9CFF-2CDBD42BAE66}"
EndProject
Project("{2150E333-8FDC-42A3-9474-1A3956D46DE8}") = "tests", "tests", "{60BD1EB9-CEA0-43F4-8274-DBEAE4D382BA}"
EndProject
Project("{9A19103F-16F7-4668-BE54-9A1E7A4F7556}") = "Delivery.UnitTests", "src\Services\Delivery\Delivery.UnitTests\Delivery.UnitTests.csproj", "{B10081F2-4A8F-47BC-8224-13D2E768E842}"
EndProject
Project("{9A19103F-16F7-4668-BE54-9A1E7A4F7556}") = "Delivery.Domain", "src\Services\Delivery\Delivery.Domain\Delivery.Domain.csproj", "{C930DBC2-A9D0-42B2-8A93-B9C97237622B}"
EndProject
Project("{9A19103F-16F7-4668-BE54-9A1E7A4F7556}") = "Delivery.Infrastructure", "src\Services\Delivery\Delivery.Infrastructure\Delivery.Infrastructure.csproj", "{8FF07C85-9D4E-4F90-A9E6-BBF65122B8BD}"
EndProject
Project("{9A19103F-16F7-4668-BE54-9A1E7A4F7556}") = "Delivery.FunctionalTests", "src\Services\Delivery\Delivery.FunctionalTests\Delivery.FunctionalTests.csproj", "{CE42047A-C9AB-4F6B-A63D-42729EE112C7}"
EndProject
Project("{2150E333-8FDC-42A3-9474-1A3956D46DE8}") = "Payment", "Payment", "{C9435634-EF09-40A8-8930-4660DE5CA6F2}"
EndProject
Project("{2150E333-8FDC-42A3-9474-1A3956D46DE8}") = "Identity", "Identity", "{F40E1CFC-3117-49DF-8F64-A6B391FBBDDD}"
EndProject
Project("{2150E333-8FDC-42A3-9474-1A3956D46DE8}") = "Courier", "Courier", "{68FF1D2E-6E6C-4373-8C64-B6A1C24FC17C}"
EndProject
Project("{2150E333-8FDC-42A3-9474-1A3956D46DE8}") = "Pricing", "Pricing", "{142D7D27-31E4-4CD5-BEB7-BBAE870E91D2}"
EndProject
Project("{2150E333-8FDC-42A3-9474-1A3956D46DE8}") = "tests", "tests", "{C92C70AD-4DF3-495E-81BA-BC5C7415F8D0}"
EndProject
Project("{9A19103F-16F7-4668-BE54-9A1E7A4F7556}") = "Courier.API", "src\Services\Courier\Courier.API\Courier.API.csproj", "{E1FE8FFD-88E9-48BB-B1A2-9E8C02B7FF37}"
EndProject
Project("{9A19103F-16F7-4668-BE54-9A1E7A4F7556}") = "Courier.FunctionalTests", "src\Services\Courier\Courier.FunctionalTests\Courier.FunctionalTests.csproj", "{0A8D208B-600A-482B-94FC-AE1C6E6539CF}"
EndProject
Project("{9A19103F-16F7-4668-BE54-9A1E7A4F7556}") = "Courier.UnitTests", "src\Services\Courier\Courier.UnitTests\Courier.UnitTests.csproj", "{06BBF85A-9D9D-4063-865C-783CB814439E}"
EndProject
Project("{2150E333-8FDC-42A3-9474-1A3956D46DE8}") = "BuildingBlocks", "BuildingBlocks", "{4F920626-9936-4C34-9E4B-3260488EE4E7}"
EndProject
Project("{2150E333-8FDC-42A3-9474-1A3956D46DE8}") = "EventBus", "EventBus", "{495F0995-7867-44C6-8BFC-4181028736DA}"
EndProject
Project("{9A19103F-16F7-4668-BE54-9A1E7A4F7556}") = "EventBus", "src\BuildingBlocks\EventBus\EventBus\EventBus.csproj", "{896F8688-8F17-4447-9DF4-1A5E7260583D}"
EndProject
Project("{9A19103F-16F7-4668-BE54-9A1E7A4F7556}") = "EventBusRabbitMQ", "src\BuildingBlocks\EventBus\EventBusRabbitMQ\EventBusRabbitMQ.csproj", "{70C6308C-A720-4A93-B7AA-03A30D21A084}"
EndProject
Project("{9A19103F-16F7-4668-BE54-9A1E7A4F7556}") = "EventBusServiceBus", "src\BuildingBlocks\EventBus\EventBusServiceBus\EventBusServiceBus.csproj", "{78037BD5-AC63-4A92-9BC4-6FAA8BDBECB2}"
EndProject
Project("{9A19103F-16F7-4668-BE54-9A1E7A4F7556}") = "IntegrationEventLogEF", "src\BuildingBlocks\EventBus\IntegrationEventLogEF\IntegrationEventLogEF.csproj", "{BB36FC05-41E1-4F08-915E-B1A032506C9B}"
EndProject
Project("{2150E333-8FDC-42A3-9474-1A3956D46DE8}") = "WebHost", "WebHost", "{36038989-AB54-48C4-BD2E-7432C4D84A22}"
EndProject
Project("{9A19103F-16F7-4668-BE54-9A1E7A4F7556}") = "WebHost.Customization", "src\BuildingBlocks\WebHostCustomization\WebHost.Customization\WebHost.Customization.csproj", "{C88A0115-6D55-48FF-BA16-DE4D61EFAFF3}"
EndProject
Project("{2150E333-8FDC-42A3-9474-1A3956D46DE8}") = "Solution Items", "Solution Items", "{40C3A17A-858F-405E-A3FA-31DA873F755B}"
	ProjectSection(SolutionItems) = preProject
		.dockerignore = .dockerignore
		.gitignore = .gitignore
		.travis.yml = .travis.yml
		deploy.sh = deploy.sh
		docker-compose.hosting.yml = docker-compose.hosting.yml
		docker-compose.test.yml = docker-compose.test.yml
		docker-compose.yml = docker-compose.yml
		google-service-account.json.enc = google-service-account.json.enc
		README.md = README.md
	EndProjectSection
EndProject
Project("{2150E333-8FDC-42A3-9474-1A3956D46DE8}") = "ApiGateways", "ApiGateways", "{66652870-4308-4807-B25C-A4F4361FC5D6}"
EndProject
Project("{2150E333-8FDC-42A3-9474-1A3956D46DE8}") = "Nginx", "Nginx", "{089BFDFA-5D59-47A6-9B29-43D3E8C3C040}"
	ProjectSection(SolutionItems) = preProject
		src\ApiGateways\Nginx\Dockerfile = src\ApiGateways\Nginx\Dockerfile
		src\ApiGateways\Nginx\nginx.conf = src\ApiGateways\Nginx\nginx.conf
	EndProjectSection
EndProject
Project("{2150E333-8FDC-42A3-9474-1A3956D46DE8}") = "K8s", "K8s", "{D7423E67-DE93-4E41-81B1-9043B82B275B}"
	ProjectSection(SolutionItems) = preProject
		src\K8s\deploy.sh = src\K8s\deploy.sh
		src\K8s\deployIstio.sh = src\K8s\deployIstio.sh
		src\K8s\deployments.yaml = src\K8s\deployments.yaml
		src\K8s\elasticsearch.yaml = src\K8s\elasticsearch.yaml
		src\K8s\ingress.yaml = src\K8s\ingress.yaml
		src\K8s\istioIngressGateway.yaml = src\K8s\istioIngressGateway.yaml
		src\K8s\kibana.yaml = src\K8s\kibana.yaml
		src\K8s\mongo.yaml = src\K8s\mongo.yaml
		src\K8s\mssql.yaml = src\K8s\mssql.yaml
		src\K8s\rabbitmq.yaml = src\K8s\rabbitmq.yaml
		src\K8s\redis.yaml = src\K8s\redis.yaml
		src\K8s\services.yaml = src\K8s\services.yaml
	EndProjectSection
EndProject
Project("{9A19103F-16F7-4668-BE54-9A1E7A4F7556}") = "Pricing.API", "src\Services\Pricing\Pricing.API\Pricing.API.csproj", "{85D4062F-D12F-458F-B4D3-FA633B29AF45}"
EndProject
Project("{2150E333-8FDC-42A3-9474-1A3956D46DE8}") = "tests", "tests", "{DCE5BECB-EE7C-4026-A7BE-474B0E051B5E}"
EndProject
Project("{9A19103F-16F7-4668-BE54-9A1E7A4F7556}") = "Pricing.UnitTests", "src\Services\Pricing\Pricing.UnitTests\Pricing.UnitTests.csproj", "{2A945412-D172-4FA5-BBF9-960F3B35F708}"
EndProject
Project("{2150E333-8FDC-42A3-9474-1A3956D46DE8}") = "Common", "Common", "{F8D954A3-369D-44DD-A3B8-E4FC239FEFFF}"
EndProject
Project("{9A19103F-16F7-4668-BE54-9A1E7A4F7556}") = "Kangaroo.Common", "src\Common\Kangaroo.Common\Kangaroo.Common.csproj", "{D1D9ACFB-57A5-46C9-95A2-62A1515ACF9E}"
EndProject
Project("{2150E333-8FDC-42A3-9474-1A3956D46DE8}") = ".github", ".github", "{8845A0FC-C471-48F5-908C-ED63A889C020}"
EndProject
Project("{2150E333-8FDC-42A3-9474-1A3956D46DE8}") = "workflows", "workflows", "{2327C2C4-8268-45A6-A7B4-10B6652B8549}"
	ProjectSection(SolutionItems) = preProject
		.github\workflows\courier-api.yml = .github\workflows\courier-api.yml
		.github\workflows\delivery-api.yml = .github\workflows\delivery-api.yml
		.github\workflows\kangaroo-solution.yml = .github\workflows\kangaroo-solution.yml
		.github\workflows\pricing-api.yml = .github\workflows\pricing-api.yml
	EndProjectSection
EndProject
Project("{2150E333-8FDC-42A3-9474-1A3956D46DE8}") = "art", "art", "{DCF04CBD-1765-451F-A23B-FCC918121C9E}"
	ProjectSection(SolutionItems) = preProject
		art\KangarooArchitecture.png = art\KangarooArchitecture.png
	EndProjectSection
EndProject
Global
	GlobalSection(SolutionConfigurationPlatforms) = preSolution
		Debug|Any CPU = Debug|Any CPU
		Release|Any CPU = Release|Any CPU
	EndGlobalSection
	GlobalSection(ProjectConfigurationPlatforms) = postSolution
		{BFC7FF8A-5FD9-4F5D-9CFF-2CDBD42BAE66}.Debug|Any CPU.ActiveCfg = Debug|Any CPU
		{BFC7FF8A-5FD9-4F5D-9CFF-2CDBD42BAE66}.Debug|Any CPU.Build.0 = Debug|Any CPU
		{BFC7FF8A-5FD9-4F5D-9CFF-2CDBD42BAE66}.Release|Any CPU.ActiveCfg = Release|Any CPU
		{BFC7FF8A-5FD9-4F5D-9CFF-2CDBD42BAE66}.Release|Any CPU.Build.0 = Release|Any CPU
		{B10081F2-4A8F-47BC-8224-13D2E768E842}.Debug|Any CPU.ActiveCfg = Debug|Any CPU
		{B10081F2-4A8F-47BC-8224-13D2E768E842}.Debug|Any CPU.Build.0 = Debug|Any CPU
		{B10081F2-4A8F-47BC-8224-13D2E768E842}.Release|Any CPU.ActiveCfg = Release|Any CPU
		{B10081F2-4A8F-47BC-8224-13D2E768E842}.Release|Any CPU.Build.0 = Release|Any CPU
		{C930DBC2-A9D0-42B2-8A93-B9C97237622B}.Debug|Any CPU.ActiveCfg = Debug|Any CPU
		{C930DBC2-A9D0-42B2-8A93-B9C97237622B}.Debug|Any CPU.Build.0 = Debug|Any CPU
		{C930DBC2-A9D0-42B2-8A93-B9C97237622B}.Release|Any CPU.ActiveCfg = Release|Any CPU
		{C930DBC2-A9D0-42B2-8A93-B9C97237622B}.Release|Any CPU.Build.0 = Release|Any CPU
		{8FF07C85-9D4E-4F90-A9E6-BBF65122B8BD}.Debug|Any CPU.ActiveCfg = Debug|Any CPU
		{8FF07C85-9D4E-4F90-A9E6-BBF65122B8BD}.Debug|Any CPU.Build.0 = Debug|Any CPU
		{8FF07C85-9D4E-4F90-A9E6-BBF65122B8BD}.Release|Any CPU.ActiveCfg = Release|Any CPU
		{8FF07C85-9D4E-4F90-A9E6-BBF65122B8BD}.Release|Any CPU.Build.0 = Release|Any CPU
		{CE42047A-C9AB-4F6B-A63D-42729EE112C7}.Debug|Any CPU.ActiveCfg = Debug|Any CPU
		{CE42047A-C9AB-4F6B-A63D-42729EE112C7}.Debug|Any CPU.Build.0 = Debug|Any CPU
		{CE42047A-C9AB-4F6B-A63D-42729EE112C7}.Release|Any CPU.ActiveCfg = Release|Any CPU
		{CE42047A-C9AB-4F6B-A63D-42729EE112C7}.Release|Any CPU.Build.0 = Release|Any CPU
		{E1FE8FFD-88E9-48BB-B1A2-9E8C02B7FF37}.Debug|Any CPU.ActiveCfg = Debug|Any CPU
		{E1FE8FFD-88E9-48BB-B1A2-9E8C02B7FF37}.Debug|Any CPU.Build.0 = Debug|Any CPU
		{E1FE8FFD-88E9-48BB-B1A2-9E8C02B7FF37}.Release|Any CPU.ActiveCfg = Release|Any CPU
		{E1FE8FFD-88E9-48BB-B1A2-9E8C02B7FF37}.Release|Any CPU.Build.0 = Release|Any CPU
		{0A8D208B-600A-482B-94FC-AE1C6E6539CF}.Debug|Any CPU.ActiveCfg = Debug|Any CPU
		{0A8D208B-600A-482B-94FC-AE1C6E6539CF}.Debug|Any CPU.Build.0 = Debug|Any CPU
		{0A8D208B-600A-482B-94FC-AE1C6E6539CF}.Release|Any CPU.ActiveCfg = Release|Any CPU
		{0A8D208B-600A-482B-94FC-AE1C6E6539CF}.Release|Any CPU.Build.0 = Release|Any CPU
		{06BBF85A-9D9D-4063-865C-783CB814439E}.Debug|Any CPU.ActiveCfg = Debug|Any CPU
		{06BBF85A-9D9D-4063-865C-783CB814439E}.Debug|Any CPU.Build.0 = Debug|Any CPU
		{06BBF85A-9D9D-4063-865C-783CB814439E}.Release|Any CPU.ActiveCfg = Release|Any CPU
		{06BBF85A-9D9D-4063-865C-783CB814439E}.Release|Any CPU.Build.0 = Release|Any CPU
		{896F8688-8F17-4447-9DF4-1A5E7260583D}.Debug|Any CPU.ActiveCfg = Debug|Any CPU
		{896F8688-8F17-4447-9DF4-1A5E7260583D}.Debug|Any CPU.Build.0 = Debug|Any CPU
		{896F8688-8F17-4447-9DF4-1A5E7260583D}.Release|Any CPU.ActiveCfg = Release|Any CPU
		{896F8688-8F17-4447-9DF4-1A5E7260583D}.Release|Any CPU.Build.0 = Release|Any CPU
		{70C6308C-A720-4A93-B7AA-03A30D21A084}.Debug|Any CPU.ActiveCfg = Debug|Any CPU
		{70C6308C-A720-4A93-B7AA-03A30D21A084}.Debug|Any CPU.Build.0 = Debug|Any CPU
		{70C6308C-A720-4A93-B7AA-03A30D21A084}.Release|Any CPU.ActiveCfg = Release|Any CPU
		{70C6308C-A720-4A93-B7AA-03A30D21A084}.Release|Any CPU.Build.0 = Release|Any CPU
		{78037BD5-AC63-4A92-9BC4-6FAA8BDBECB2}.Debug|Any CPU.ActiveCfg = Debug|Any CPU
		{78037BD5-AC63-4A92-9BC4-6FAA8BDBECB2}.Debug|Any CPU.Build.0 = Debug|Any CPU
		{78037BD5-AC63-4A92-9BC4-6FAA8BDBECB2}.Release|Any CPU.ActiveCfg = Release|Any CPU
		{78037BD5-AC63-4A92-9BC4-6FAA8BDBECB2}.Release|Any CPU.Build.0 = Release|Any CPU
		{BB36FC05-41E1-4F08-915E-B1A032506C9B}.Debug|Any CPU.ActiveCfg = Debug|Any CPU
		{BB36FC05-41E1-4F08-915E-B1A032506C9B}.Debug|Any CPU.Build.0 = Debug|Any CPU
		{BB36FC05-41E1-4F08-915E-B1A032506C9B}.Release|Any CPU.ActiveCfg = Release|Any CPU
		{BB36FC05-41E1-4F08-915E-B1A032506C9B}.Release|Any CPU.Build.0 = Release|Any CPU
		{C88A0115-6D55-48FF-BA16-DE4D61EFAFF3}.Debug|Any CPU.ActiveCfg = Debug|Any CPU
		{C88A0115-6D55-48FF-BA16-DE4D61EFAFF3}.Debug|Any CPU.Build.0 = Debug|Any CPU
		{C88A0115-6D55-48FF-BA16-DE4D61EFAFF3}.Release|Any CPU.ActiveCfg = Release|Any CPU
		{C88A0115-6D55-48FF-BA16-DE4D61EFAFF3}.Release|Any CPU.Build.0 = Release|Any CPU
		{85D4062F-D12F-458F-B4D3-FA633B29AF45}.Debug|Any CPU.ActiveCfg = Debug|Any CPU
		{85D4062F-D12F-458F-B4D3-FA633B29AF45}.Debug|Any CPU.Build.0 = Debug|Any CPU
		{85D4062F-D12F-458F-B4D3-FA633B29AF45}.Release|Any CPU.ActiveCfg = Release|Any CPU
		{85D4062F-D12F-458F-B4D3-FA633B29AF45}.Release|Any CPU.Build.0 = Release|Any CPU
		{2A945412-D172-4FA5-BBF9-960F3B35F708}.Debug|Any CPU.ActiveCfg = Debug|Any CPU
		{2A945412-D172-4FA5-BBF9-960F3B35F708}.Debug|Any CPU.Build.0 = Debug|Any CPU
		{2A945412-D172-4FA5-BBF9-960F3B35F708}.Release|Any CPU.ActiveCfg = Release|Any CPU
		{2A945412-D172-4FA5-BBF9-960F3B35F708}.Release|Any CPU.Build.0 = Release|Any CPU
		{D1D9ACFB-57A5-46C9-95A2-62A1515ACF9E}.Debug|Any CPU.ActiveCfg = Debug|Any CPU
		{D1D9ACFB-57A5-46C9-95A2-62A1515ACF9E}.Debug|Any CPU.Build.0 = Debug|Any CPU
		{D1D9ACFB-57A5-46C9-95A2-62A1515ACF9E}.Release|Any CPU.ActiveCfg = Release|Any CPU
		{D1D9ACFB-57A5-46C9-95A2-62A1515ACF9E}.Release|Any CPU.Build.0 = Release|Any CPU
	EndGlobalSection
	GlobalSection(SolutionProperties) = preSolution
		HideSolutionNode = FALSE
	EndGlobalSection
	GlobalSection(NestedProjects) = preSolution
		{EF3F5020-51A0-4456-8E78-62D2A739A31C} = {EABD112F-1A4D-4CBC-BDE9-9B2F509819C6}
		{C71494D2-8E66-467D-B777-F1A0ADB80C5D} = {EF3F5020-51A0-4456-8E78-62D2A739A31C}
		{BFC7FF8A-5FD9-4F5D-9CFF-2CDBD42BAE66} = {C71494D2-8E66-467D-B777-F1A0ADB80C5D}
		{60BD1EB9-CEA0-43F4-8274-DBEAE4D382BA} = {C71494D2-8E66-467D-B777-F1A0ADB80C5D}
		{B10081F2-4A8F-47BC-8224-13D2E768E842} = {60BD1EB9-CEA0-43F4-8274-DBEAE4D382BA}
		{C930DBC2-A9D0-42B2-8A93-B9C97237622B} = {C71494D2-8E66-467D-B777-F1A0ADB80C5D}
		{8FF07C85-9D4E-4F90-A9E6-BBF65122B8BD} = {C71494D2-8E66-467D-B777-F1A0ADB80C5D}
		{CE42047A-C9AB-4F6B-A63D-42729EE112C7} = {60BD1EB9-CEA0-43F4-8274-DBEAE4D382BA}
		{C9435634-EF09-40A8-8930-4660DE5CA6F2} = {EF3F5020-51A0-4456-8E78-62D2A739A31C}
		{F40E1CFC-3117-49DF-8F64-A6B391FBBDDD} = {EF3F5020-51A0-4456-8E78-62D2A739A31C}
		{68FF1D2E-6E6C-4373-8C64-B6A1C24FC17C} = {EF3F5020-51A0-4456-8E78-62D2A739A31C}
		{142D7D27-31E4-4CD5-BEB7-BBAE870E91D2} = {EF3F5020-51A0-4456-8E78-62D2A739A31C}
		{C92C70AD-4DF3-495E-81BA-BC5C7415F8D0} = {68FF1D2E-6E6C-4373-8C64-B6A1C24FC17C}
		{E1FE8FFD-88E9-48BB-B1A2-9E8C02B7FF37} = {68FF1D2E-6E6C-4373-8C64-B6A1C24FC17C}
		{0A8D208B-600A-482B-94FC-AE1C6E6539CF} = {C92C70AD-4DF3-495E-81BA-BC5C7415F8D0}
		{06BBF85A-9D9D-4063-865C-783CB814439E} = {C92C70AD-4DF3-495E-81BA-BC5C7415F8D0}
		{4F920626-9936-4C34-9E4B-3260488EE4E7} = {EABD112F-1A4D-4CBC-BDE9-9B2F509819C6}
		{495F0995-7867-44C6-8BFC-4181028736DA} = {4F920626-9936-4C34-9E4B-3260488EE4E7}
		{896F8688-8F17-4447-9DF4-1A5E7260583D} = {495F0995-7867-44C6-8BFC-4181028736DA}
		{70C6308C-A720-4A93-B7AA-03A30D21A084} = {495F0995-7867-44C6-8BFC-4181028736DA}
		{78037BD5-AC63-4A92-9BC4-6FAA8BDBECB2} = {495F0995-7867-44C6-8BFC-4181028736DA}
		{BB36FC05-41E1-4F08-915E-B1A032506C9B} = {495F0995-7867-44C6-8BFC-4181028736DA}
		{36038989-AB54-48C4-BD2E-7432C4D84A22} = {4F920626-9936-4C34-9E4B-3260488EE4E7}
		{C88A0115-6D55-48FF-BA16-DE4D61EFAFF3} = {36038989-AB54-48C4-BD2E-7432C4D84A22}
		{66652870-4308-4807-B25C-A4F4361FC5D6} = {EABD112F-1A4D-4CBC-BDE9-9B2F509819C6}
		{089BFDFA-5D59-47A6-9B29-43D3E8C3C040} = {66652870-4308-4807-B25C-A4F4361FC5D6}
		{D7423E67-DE93-4E41-81B1-9043B82B275B} = {EABD112F-1A4D-4CBC-BDE9-9B2F509819C6}
		{85D4062F-D12F-458F-B4D3-FA633B29AF45} = {142D7D27-31E4-4CD5-BEB7-BBAE870E91D2}
		{DCE5BECB-EE7C-4026-A7BE-474B0E051B5E} = {142D7D27-31E4-4CD5-BEB7-BBAE870E91D2}
		{2A945412-D172-4FA5-BBF9-960F3B35F708} = {DCE5BECB-EE7C-4026-A7BE-474B0E051B5E}
		{F8D954A3-369D-44DD-A3B8-E4FC239FEFFF} = {EABD112F-1A4D-4CBC-BDE9-9B2F509819C6}
		{D1D9ACFB-57A5-46C9-95A2-62A1515ACF9E} = {F8D954A3-369D-44DD-A3B8-E4FC239FEFFF}
		{2327C2C4-8268-45A6-A7B4-10B6652B8549} = {8845A0FC-C471-48F5-908C-ED63A889C020}
	EndGlobalSection
	GlobalSection(ExtensibilityGlobals) = postSolution
		SolutionGuid = {162D44E4-5354-48E3-85D9-62CB2985F33B}
	EndGlobalSection
EndGlobal
