
Microsoft Visual Studio Solution File, Format Version 12.00
# Visual Studio Version 16
VisualStudioVersion = 16.0.29926.136
MinimumVisualStudioVersion = 10.0.40219.1
Project("{2150E333-8FDC-42A3-9474-1A3956D46DE8}") = "src", "src", "{EABD112F-1A4D-4CBC-BDE9-9B2F509819C6}"
EndProject
Project("{2150E333-8FDC-42A3-9474-1A3956D46DE8}") = "Services", "Services", "{EF3F5020-51A0-4456-8E78-62D2A739A31C}"
EndProject
Project("{2150E333-8FDC-42A3-9474-1A3956D46DE8}") = "Delivery", "Delivery", "{C71494D2-8E66-467D-B777-F1A0ADB80C5D}"
EndProject
Project("{9A19103F-16F7-4668-BE54-9A1E7A4F7556}") = "Delivery.API", "src\Services\Delivery\Delivery.API\Delivery.API.csproj", "{BFC7FF8A-5FD9-4F5D-9CFF-2CDBD42BAE66}"
EndProject
Project("{2150E333-8FDC-42A3-9474-1A3956D46DE8}") = "tests", "tests", "{60BD1EB9-CEA0-43F4-8274-DBEAE4D382BA}"
EndProject
Project("{9A19103F-16F7-4668-BE54-9A1E7A4F7556}") = "Delivery.UnitTests", "src\Services\Delivery\Delivery.UnitTests\Delivery.UnitTests.csproj", "{B10081F2-4A8F-47BC-8224-13D2E768E842}"
EndProject
Project("{9A19103F-16F7-4668-BE54-9A1E7A4F7556}") = "Delivery.Domain", "src\Services\Delivery\Delivery.Domain\Delivery.Domain.csproj", "{C930DBC2-A9D0-42B2-8A93-B9C97237622B}"
EndProject
Project("{9A19103F-16F7-4668-BE54-9A1E7A4F7556}") = "Delivery.Infrastructure", "src\Services\Delivery\Delivery.Infrastructure\Delivery.Infrastructure.csproj", "{8FF07C85-9D4E-4F90-A9E6-BBF65122B8BD}"
EndProject
Project("{9A19103F-16F7-4668-BE54-9A1E7A4F7556}") = "Delivery.FunctionalTests", "src\Services\Delivery\Delivery.FunctionalTests\Delivery.FunctionalTests.csproj", "{CE42047A-C9AB-4F6B-A63D-42729EE112C7}"
EndProject
Project("{2150E333-8FDC-42A3-9474-1A3956D46DE8}") = "Payment", "Payment", "{C9435634-EF09-40A8-8930-4660DE5CA6F2}"
EndProject
Project("{2150E333-8FDC-42A3-9474-1A3956D46DE8}") = "Identity", "Identity", "{F40E1CFC-3117-49DF-8F64-A6B391FBBDDD}"
EndProject
Project("{2150E333-8FDC-42A3-9474-1A3956D46DE8}") = "Courier", "Courier", "{68FF1D2E-6E6C-4373-8C64-B6A1C24FC17C}"
EndProject
Project("{2150E333-8FDC-42A3-9474-1A3956D46DE8}") = "DeliveryPriceCalculate", "DeliveryPriceCalculate", "{142D7D27-31E4-4CD5-BEB7-BBAE870E91D2}"
EndProject
Project("{2150E333-8FDC-42A3-9474-1A3956D46DE8}") = "tests", "tests", "{C92C70AD-4DF3-495E-81BA-BC5C7415F8D0}"
EndProject
Project("{9A19103F-16F7-4668-BE54-9A1E7A4F7556}") = "Courier.API", "src\Services\Courier\Courier.API\Courier.API.csproj", "{E1FE8FFD-88E9-48BB-B1A2-9E8C02B7FF37}"
EndProject
Project("{9A19103F-16F7-4668-BE54-9A1E7A4F7556}") = "Courier.FunctionalTests", "src\Services\Courier\Courier.FunctionalTests\Courier.FunctionalTests.csproj", "{0A8D208B-600A-482B-94FC-AE1C6E6539CF}"
EndProject
Project("{9A19103F-16F7-4668-BE54-9A1E7A4F7556}") = "Courier.UnitTests", "src\Services\Courier\Courier.UnitTests\Courier.UnitTests.csproj", "{06BBF85A-9D9D-4063-865C-783CB814439E}"
EndProject
Project("{2150E333-8FDC-42A3-9474-1A3956D46DE8}") = "BuildingBlocks", "BuildingBlocks", "{4F920626-9936-4C34-9E4B-3260488EE4E7}"
EndProject
Project("{2150E333-8FDC-42A3-9474-1A3956D46DE8}") = "EventBus", "EventBus", "{495F0995-7867-44C6-8BFC-4181028736DA}"
EndProject
Project("{9A19103F-16F7-4668-BE54-9A1E7A4F7556}") = "EventBus", "src\Services\BuildingBlocks\EventBus\EventBus\EventBus.csproj", "{896F8688-8F17-4447-9DF4-1A5E7260583D}"
EndProject
Project("{9A19103F-16F7-4668-BE54-9A1E7A4F7556}") = "EventBusRabbitMQ", "src\Services\BuildingBlocks\EventBus\EventBusRabbitMQ\EventBusRabbitMQ.csproj", "{70C6308C-A720-4A93-B7AA-03A30D21A084}"
EndProject
Project("{9A19103F-16F7-4668-BE54-9A1E7A4F7556}") = "EventBusServiceBus", "src\Services\BuildingBlocks\EventBus\EventBusServiceBus\EventBusServiceBus.csproj", "{78037BD5-AC63-4A92-9BC4-6FAA8BDBECB2}"
EndProject
Project("{9A19103F-16F7-4668-BE54-9A1E7A4F7556}") = "IntegrationEventLogEF", "src\Services\BuildingBlocks\EventBus\IntegrationEventLogEF\IntegrationEventLogEF.csproj", "{BB36FC05-41E1-4F08-915E-B1A032506C9B}"
EndProject
Project("{2150E333-8FDC-42A3-9474-1A3956D46DE8}") = "WebHost", "WebHost", "{36038989-AB54-48C4-BD2E-7432C4D84A22}"
EndProject
Project("{9A19103F-16F7-4668-BE54-9A1E7A4F7556}") = "WebHost.Customization", "src\Services\BuildingBlocks\WebHostCustomization\WebHost.Customization\WebHost.Customization.csproj", "{C88A0115-6D55-48FF-BA16-DE4D61EFAFF3}"
EndProject
Global
	GlobalSection(SolutionConfigurationPlatforms) = preSolution
		Debug|Any CPU = Debug|Any CPU
		Release|Any CPU = Release|Any CPU
	EndGlobalSection
	GlobalSection(ProjectConfigurationPlatforms) = postSolution
		{BFC7FF8A-5FD9-4F5D-9CFF-2CDBD42BAE66}.Debug|Any CPU.ActiveCfg = Debug|Any CPU
		{BFC7FF8A-5FD9-4F5D-9CFF-2CDBD42BAE66}.Debug|Any CPU.Build.0 = Debug|Any CPU
		{BFC7FF8A-5FD9-4F5D-9CFF-2CDBD42BAE66}.Release|Any CPU.ActiveCfg = Release|Any CPU
		{BFC7FF8A-5FD9-4F5D-9CFF-2CDBD42BAE66}.Release|Any CPU.Build.0 = Release|Any CPU
		{B10081F2-4A8F-47BC-8224-13D2E768E842}.Debug|Any CPU.ActiveCfg = Debug|Any CPU
		{B10081F2-4A8F-47BC-8224-13D2E768E842}.Debug|Any CPU.Build.0 = Debug|Any CPU
		{B10081F2-4A8F-47BC-8224-13D2E768E842}.Release|Any CPU.ActiveCfg = Release|Any CPU
		{B10081F2-4A8F-47BC-8224-13D2E768E842}.Release|Any CPU.Build.0 = Release|Any CPU
		{C930DBC2-A9D0-42B2-8A93-B9C97237622B}.Debug|Any CPU.ActiveCfg = Debug|Any CPU
		{C930DBC2-A9D0-42B2-8A93-B9C97237622B}.Debug|Any CPU.Build.0 = Debug|Any CPU
		{C930DBC2-A9D0-42B2-8A93-B9C97237622B}.Release|Any CPU.ActiveCfg = Release|Any CPU
		{C930DBC2-A9D0-42B2-8A93-B9C97237622B}.Release|Any CPU.Build.0 = Release|Any CPU
		{8FF07C85-9D4E-4F90-A9E6-BBF65122B8BD}.Debug|Any CPU.ActiveCfg = Debug|Any CPU
		{8FF07C85-9D4E-4F90-A9E6-BBF65122B8BD}.Debug|Any CPU.Build.0 = Debug|Any CPU
		{8FF07C85-9D4E-4F90-A9E6-BBF65122B8BD}.Release|Any CPU.ActiveCfg = Release|Any CPU
		{8FF07C85-9D4E-4F90-A9E6-BBF65122B8BD}.Release|Any CPU.Build.0 = Release|Any CPU
		{CE42047A-C9AB-4F6B-A63D-42729EE112C7}.Debug|Any CPU.ActiveCfg = Debug|Any CPU
		{CE42047A-C9AB-4F6B-A63D-42729EE112C7}.Debug|Any CPU.Build.0 = Debug|Any CPU
		{CE42047A-C9AB-4F6B-A63D-42729EE112C7}.Release|Any CPU.ActiveCfg = Release|Any CPU
		{CE42047A-C9AB-4F6B-A63D-42729EE112C7}.Release|Any CPU.Build.0 = Release|Any CPU
		{E1FE8FFD-88E9-48BB-B1A2-9E8C02B7FF37}.Debug|Any CPU.ActiveCfg = Debug|Any CPU
		{E1FE8FFD-88E9-48BB-B1A2-9E8C02B7FF37}.Debug|Any CPU.Build.0 = Debug|Any CPU
		{E1FE8FFD-88E9-48BB-B1A2-9E8C02B7FF37}.Release|Any CPU.ActiveCfg = Release|Any CPU
		{E1FE8FFD-88E9-48BB-B1A2-9E8C02B7FF37}.Release|Any CPU.Build.0 = Release|Any CPU
		{0A8D208B-600A-482B-94FC-AE1C6E6539CF}.Debug|Any CPU.ActiveCfg = Debug|Any CPU
		{0A8D208B-600A-482B-94FC-AE1C6E6539CF}.Debug|Any CPU.Build.0 = Debug|Any CPU
		{0A8D208B-600A-482B-94FC-AE1C6E6539CF}.Release|Any CPU.ActiveCfg = Release|Any CPU
		{0A8D208B-600A-482B-94FC-AE1C6E6539CF}.Release|Any CPU.Build.0 = Release|Any CPU
		{06BBF85A-9D9D-4063-865C-783CB814439E}.Debug|Any CPU.ActiveCfg = Debug|Any CPU
		{06BBF85A-9D9D-4063-865C-783CB814439E}.Debug|Any CPU.Build.0 = Debug|Any CPU
		{06BBF85A-9D9D-4063-865C-783CB814439E}.Release|Any CPU.ActiveCfg = Release|Any CPU
		{06BBF85A-9D9D-4063-865C-783CB814439E}.Release|Any CPU.Build.0 = Release|Any CPU
		{896F8688-8F17-4447-9DF4-1A5E7260583D}.Debug|Any CPU.ActiveCfg = Debug|Any CPU
		{896F8688-8F17-4447-9DF4-1A5E7260583D}.Debug|Any CPU.Build.0 = Debug|Any CPU
		{896F8688-8F17-4447-9DF4-1A5E7260583D}.Release|Any CPU.ActiveCfg = Release|Any CPU
		{896F8688-8F17-4447-9DF4-1A5E7260583D}.Release|Any CPU.Build.0 = Release|Any CPU
		{70C6308C-A720-4A93-B7AA-03A30D21A084}.Debug|Any CPU.ActiveCfg = Debug|Any CPU
		{70C6308C-A720-4A93-B7AA-03A30D21A084}.Debug|Any CPU.Build.0 = Debug|Any CPU
		{70C6308C-A720-4A93-B7AA-03A30D21A084}.Release|Any CPU.ActiveCfg = Release|Any CPU
		{70C6308C-A720-4A93-B7AA-03A30D21A084}.Release|Any CPU.Build.0 = Release|Any CPU
		{78037BD5-AC63-4A92-9BC4-6FAA8BDBECB2}.Debug|Any CPU.ActiveCfg = Debug|Any CPU
		{78037BD5-AC63-4A92-9BC4-6FAA8BDBECB2}.Debug|Any CPU.Build.0 = Debug|Any CPU
		{78037BD5-AC63-4A92-9BC4-6FAA8BDBECB2}.Release|Any CPU.ActiveCfg = Release|Any CPU
		{78037BD5-AC63-4A92-9BC4-6FAA8BDBECB2}.Release|Any CPU.Build.0 = Release|Any CPU
		{BB36FC05-41E1-4F08-915E-B1A032506C9B}.Debug|Any CPU.ActiveCfg = Debug|Any CPU
		{BB36FC05-41E1-4F08-915E-B1A032506C9B}.Debug|Any CPU.Build.0 = Debug|Any CPU
		{BB36FC05-41E1-4F08-915E-B1A032506C9B}.Release|Any CPU.ActiveCfg = Release|Any CPU
		{BB36FC05-41E1-4F08-915E-B1A032506C9B}.Release|Any CPU.Build.0 = Release|Any CPU
		{C88A0115-6D55-48FF-BA16-DE4D61EFAFF3}.Debug|Any CPU.ActiveCfg = Debug|Any CPU
		{C88A0115-6D55-48FF-BA16-DE4D61EFAFF3}.Debug|Any CPU.Build.0 = Debug|Any CPU
		{C88A0115-6D55-48FF-BA16-DE4D61EFAFF3}.Release|Any CPU.ActiveCfg = Release|Any CPU
		{C88A0115-6D55-48FF-BA16-DE4D61EFAFF3}.Release|Any CPU.Build.0 = Release|Any CPU
	EndGlobalSection
	GlobalSection(SolutionProperties) = preSolution
		HideSolutionNode = FALSE
	EndGlobalSection
	GlobalSection(NestedProjects) = preSolution
		{EF3F5020-51A0-4456-8E78-62D2A739A31C} = {EABD112F-1A4D-4CBC-BDE9-9B2F509819C6}
		{C71494D2-8E66-467D-B777-F1A0ADB80C5D} = {EF3F5020-51A0-4456-8E78-62D2A739A31C}
		{BFC7FF8A-5FD9-4F5D-9CFF-2CDBD42BAE66} = {C71494D2-8E66-467D-B777-F1A0ADB80C5D}
		{60BD1EB9-CEA0-43F4-8274-DBEAE4D382BA} = {C71494D2-8E66-467D-B777-F1A0ADB80C5D}
		{B10081F2-4A8F-47BC-8224-13D2E768E842} = {60BD1EB9-CEA0-43F4-8274-DBEAE4D382BA}
		{C930DBC2-A9D0-42B2-8A93-B9C97237622B} = {C71494D2-8E66-467D-B777-F1A0ADB80C5D}
		{8FF07C85-9D4E-4F90-A9E6-BBF65122B8BD} = {C71494D2-8E66-467D-B777-F1A0ADB80C5D}
		{CE42047A-C9AB-4F6B-A63D-42729EE112C7} = {60BD1EB9-CEA0-43F4-8274-DBEAE4D382BA}
		{C9435634-EF09-40A8-8930-4660DE5CA6F2} = {EF3F5020-51A0-4456-8E78-62D2A739A31C}
		{F40E1CFC-3117-49DF-8F64-A6B391FBBDDD} = {EF3F5020-51A0-4456-8E78-62D2A739A31C}
		{68FF1D2E-6E6C-4373-8C64-B6A1C24FC17C} = {EF3F5020-51A0-4456-8E78-62D2A739A31C}
		{142D7D27-31E4-4CD5-BEB7-BBAE870E91D2} = {EF3F5020-51A0-4456-8E78-62D2A739A31C}
		{C92C70AD-4DF3-495E-81BA-BC5C7415F8D0} = {68FF1D2E-6E6C-4373-8C64-B6A1C24FC17C}
		{E1FE8FFD-88E9-48BB-B1A2-9E8C02B7FF37} = {68FF1D2E-6E6C-4373-8C64-B6A1C24FC17C}
		{0A8D208B-600A-482B-94FC-AE1C6E6539CF} = {C92C70AD-4DF3-495E-81BA-BC5C7415F8D0}
		{06BBF85A-9D9D-4063-865C-783CB814439E} = {C92C70AD-4DF3-495E-81BA-BC5C7415F8D0}
		{4F920626-9936-4C34-9E4B-3260488EE4E7} = {EABD112F-1A4D-4CBC-BDE9-9B2F509819C6}
		{495F0995-7867-44C6-8BFC-4181028736DA} = {4F920626-9936-4C34-9E4B-3260488EE4E7}
		{896F8688-8F17-4447-9DF4-1A5E7260583D} = {495F0995-7867-44C6-8BFC-4181028736DA}
		{70C6308C-A720-4A93-B7AA-03A30D21A084} = {495F0995-7867-44C6-8BFC-4181028736DA}
		{78037BD5-AC63-4A92-9BC4-6FAA8BDBECB2} = {495F0995-7867-44C6-8BFC-4181028736DA}
		{BB36FC05-41E1-4F08-915E-B1A032506C9B} = {495F0995-7867-44C6-8BFC-4181028736DA}
		{36038989-AB54-48C4-BD2E-7432C4D84A22} = {4F920626-9936-4C34-9E4B-3260488EE4E7}
		{C88A0115-6D55-48FF-BA16-DE4D61EFAFF3} = {36038989-AB54-48C4-BD2E-7432C4D84A22}
	EndGlobalSection
	GlobalSection(ExtensibilityGlobals) = postSolution
		SolutionGuid = {162D44E4-5354-48E3-85D9-62CB2985F33B}
	EndGlobalSection
EndGlobal
